
Microsoft Visual Studio Solution File, Format Version 12.00
# Visual Studio Version 17
VisualStudioVersion = 17.2.32616.157
MinimumVisualStudioVersion = 10.0.40219.1
Project("{FAE04EC0-301F-11D3-BF4B-00C04F79EFBC}") = "Crane", "Crane\Crane.csproj", "{76268530-E1C6-453C-B8AF-D53040509757}"
EndProject
Global
	GlobalSection(SolutionConfigurationPlatforms) = preSolution
		Crane|Any CPU = Crane|Any CPU
		Crane|x64 = Crane|x64
		Debug|Any CPU = Debug|Any CPU
		Debug|x64 = Debug|x64
		Release|Any CPU = Release|Any CPU
		Release|x64 = Release|x64
	EndGlobalSection
	GlobalSection(ProjectConfigurationPlatforms) = postSolution
		{76268530-E1C6-453C-B8AF-D53040509757}.Crane|Any CPU.ActiveCfg = Debug|Any CPU
		{76268530-E1C6-453C-B8AF-D53040509757}.Crane|Any CPU.Build.0 = Debug|Any CPU
		{76268530-E1C6-453C-B8AF-D53040509757}.Crane|x64.ActiveCfg = Debug|x64
		{76268530-E1C6-453C-B8AF-D53040509757}.Debug|Any CPU.ActiveCfg = Debug|x64
		{76268530-E1C6-453C-B8AF-D53040509757}.Debug|Any CPU.Build.0 = Debug|x64
		{76268530-E1C6-453C-B8AF-D53040509757}.Debug|x64.ActiveCfg = Debug|x64
		{76268530-E1C6-453C-B8AF-D53040509757}.Debug|x64.Build.0 = Debug|x64
		{76268530-E1C6-453C-B8AF-D53040509757}.Release|Any CPU.ActiveCfg = Release|Any CPU
		{76268530-E1C6-453C-B8AF-D53040509757}.Release|x64.ActiveCfg = Release|x64
		{76268530-E1C6-453C-B8AF-D53040509757}.Release|x64.Build.0 = Release|x64
	EndGlobalSection
	GlobalSection(SolutionProperties) = preSolution
		HideSolutionNode = FALSE
	EndGlobalSection
	GlobalSection(ExtensibilityGlobals) = postSolution
		SolutionGuid = {58F407B6-1FB9-4DA7-9201-EEF5054FE078}
	EndGlobalSection
EndGlobal
